Microsoft Visual Studio Solution File, Format Version 12.00
# Visual Studio Version 17
VisualStudioVersion = 17.5.2.0
MinimumVisualStudioVersion = 10.0.40219.1
Project("{FAE04EC0-301F-11D3-BF4B-00C04F79EFBC}") = "Ex11", "Ex11.csproj", "{389A7C12-A5D4-6D72-5EF1-1E065CC6DD4F}"
EndProject
Global
	GlobalSection(SolutionConfigurationPlatforms) = preSolution
		Debug|Any CPU = Debug|Any CPU
		Release|Any CPU = Release|Any CPU
	EndGlobalSection
	GlobalSection(ProjectConfigurationPlatforms) = postSolution
		{389A7C12-A5D4-6D72-5EF1-1E065CC6DD4F}.Debug|Any CPU.ActiveCfg = Debug|Any CPU
		{389A7C12-A5D4-6D72-5EF1-1E065CC6DD4F}.Debug|Any CPU.Build.0 = Debug|Any CPU
		{389A7C12-A5D4-6D72-5EF1-1E065CC6DD4F}.Release|Any CPU.ActiveCfg = Release|Any CPU
		{389A7C12-A5D4-6D72-5EF1-1E065CC6DD4F}.Release|Any CPU.Build.0 = Release|Any CPU
	EndGlobalSection
	GlobalSection(SolutionProperties) = preSolution
		HideSolutionNode = FALSE
	EndGlobalSection
	GlobalSection(ExtensibilityGlobals) = postSolution
		SolutionGuid = {F8CCF8A7-F0E9-42EB-9159-740114381594}
	EndGlobalSection
EndGlobal
